<?xml version="1.0" encoding="utf-8"?>
<Project ToolsVersion="4.0" xmlns="http://schemas.microsoft.com/developer/msbuild/2003">
  <ItemGroup>
    <ClCompile Include="ObjectFile\SkillFile\BAttackSkill.cpp">
      <Filter>ソースファイル\SkillFile</Filter>
    </ClCompile>
    <ClCompile Include="ObjectFile\EnemyFile\BurstEnemy.cpp">
      <Filter>ソースファイル\EnemyFile</Filter>
    </ClCompile>
    <ClCompile Include="ObjectFile\CoinFile\Coin.cpp">
      <Filter>ソースファイル\CoinFile</Filter>
    </ClCompile>
    <ClCompile Include="ObjectFile\PlayerFile\Cursor.cpp">
      <Filter>ソースファイル\MouseFile</Filter>
    </ClCompile>
    <ClCompile Include="UtilityFile\FPS.cpp">
      <Filter>ソースファイル\FPSFile</Filter>
    </ClCompile>
    <ClCompile Include="SceneFile\GameMainScene.cpp">
      <Filter>ソースファイル\SceneFile</Filter>
    </ClCompile>
    <ClCompile Include="Main.cpp">
      <Filter>ソースファイル</Filter>
    </ClCompile>
    <ClCompile Include="SceneFile\SceneManager.cpp">
      <Filter>ソースファイル\SceneFile</Filter>
    </ClCompile>
    <ClCompile Include="ObjectFile\SkillFile\BSlowDownSkill.cpp">
      <Filter>ソースファイル\SkillFile</Filter>
    </ClCompile>
    <ClCompile Include="ObjectFile\ObjectBase.cpp">
      <Filter>ソースファイル\BaseFile</Filter>
    </ClCompile>
    <ClCompile Include="ObjectFile\EnemyFile\EnemyBase.cpp">
      <Filter>ソースファイル\BaseFile</Filter>
    </ClCompile>
    <ClCompile Include="UtilityFile\MouseInput.cpp">
      <Filter>ソースファイル\MouseFile</Filter>
    </ClCompile>
    <ClCompile Include="ObjectFile\UIFile\UIBase.cpp">
      <Filter>ソースファイル\BaseFile</Filter>
    </ClCompile>
    <ClCompile Include="ObjectFile\UIFile\UICoin.cpp">
      <Filter>ソースファイル\UIFile</Filter>
    </ClCompile>
    <ClCompile Include="ObjectFile\EnemyFile\CrackEnemy.cpp" />
    <ClCompile Include="ObjectFile\SkillFile\BSkillBase.cpp" />
    <ClCompile Include="ObjectFile\UIFile\UITimer.cpp">
      <Filter>ソースファイル\UIFile</Filter>
    </ClCompile>
    <ClCompile Include="UtilityFile\ResourceManager.cpp" />
    <ClCompile Include="ObjectFile\GoalFile\Goal.cpp" />
    <ClCompile Include="ObjectFile\SkillFile\SkillBase.cpp" />
    <ClCompile Include="ObjectFile\SkillFile\AttackSkill.cpp" />
    <ClCompile Include="ObjectFile\SkillFile\SlowDownSkill.cpp" />
    <ClCompile Include="ObjectFile\EnemyFile\SnakeEnemy.cpp" />
    <ClCompile Include="ObjectFile\EnemyFile\FrogEnemy.cpp" />
    <ClCompile Include="ObjectFile\ClickEffectFile\ClickEffect.cpp" />
    <ClCompile Include="ObjectFile\ShapeZoneFile\HitCircleZone.cpp" />
    <ClCompile Include="ObjectFile\UIFile\UIGoal.cpp" />
    <ClCompile Include="ObjectFile\EnemyFile\SplitEnemy.cpp" />
    <ClCompile Include="SceneFile\EndScene.cpp" />
    <ClCompile Include="SceneFile\TitleScene.cpp" />
    <ClCompile Include="ObjectFile\DeathEffect\DeathEffect.cpp" />
    <ClCompile Include="ObjectFile\PauseFile\PauseButtonFile\PauseButton.cpp" />
  </ItemGroup>
  <ItemGroup>
    <ClInclude Include="UtilityFile\Define.h" />
    <ClInclude Include="UtilityFile\Geometry.h" />
    <ClInclude Include="ObjectFile\SkillFile\BAttackSkill.h">
      <Filter>ヘッダーファイル\SkillFile</Filter>
    </ClInclude>
    <ClInclude Include="ObjectFile\CoinFile\Coin.h">
      <Filter>ヘッダーファイル\CoinFile</Filter>
    </ClInclude>
    <ClInclude Include="ObjectFile\PlayerFile\Cursor.h">
      <Filter>ヘッダーファイル\MouseFile</Filter>
    </ClInclude>
    <ClInclude Include="ObjectFile\EnemyFile\EnemyBase.h">
      <Filter>ヘッダーファイル\BaseFile</Filter>
    </ClInclude>
    <ClInclude Include="UtilityFile\FPS.h">
      <Filter>ヘッダーファイル\FPSFile</Filter>
    </ClInclude>
    <ClInclude Include="SceneFile\GameMainScene.h">
      <Filter>ヘッダーファイル\SceneFile</Filter>
    </ClInclude>
    <ClInclude Include="ObjectFile\ObjectBase.h">
      <Filter>ヘッダーファイル\BaseFile</Filter>
    </ClInclude>
    <ClInclude Include="SceneFile\SceneManager.h">
      <Filter>ヘッダーファイル\SceneFile</Filter>
    </ClInclude>
    <ClInclude Include="SceneFile\AbstractScene.h">
      <Filter>ヘッダーファイル\SceneFile</Filter>
    </ClInclude>
    <ClInclude Include="ObjectFile\SkillFile\BSlowDownSkill.h">
      <Filter>ヘッダーファイル\SkillFile</Filter>
    </ClInclude>
    <ClInclude Include="ObjectFile\EnemyFile\BurstEnemy.h">
      <Filter>ヘッダーファイル\EnemyFile</Filter>
    </ClInclude>
    <ClInclude Include="UtilityFile\MouseInput.h">
      <Filter>ヘッダーファイル\MouseFile</Filter>
    </ClInclude>
    <ClInclude Include="ObjectFile\UIFile\UIBase.h">
      <Filter>ヘッダーファイル\BaseFile</Filter>
    </ClInclude>
    <ClInclude Include="ObjectFile\UIFile\UICoins.h">
      <Filter>ヘッダーファイル\UIFile</Filter>
    </ClInclude>
    <ClInclude Include="ObjectFile\EnemyFile\CrackEnemy.h" />
    <ClInclude Include="ObjectFile\SkillFile\BSkillBase.h" />
    <ClInclude Include="ObjectFile\UIFile\UITimer.h">
      <Filter>ヘッダーファイル\UIFile</Filter>
    </ClInclude>
    <ClInclude Include="UtilityFile\ResourceManager.h" />
    <ClInclude Include="ObjectFile\GoalFile\Goal.h" />
    <ClInclude Include="ObjectFile\SkillFile\SkillBase.h" />
    <ClInclude Include="ObjectFile\SkillFile\AttackSKill.h" />
    <ClInclude Include="ObjectFile\SkillFile\SlowDownSkill.h" />
    <ClInclude Include="ObjectFile\EnemyFile\SnakeEnemy.h" />
    <ClInclude Include="ObjectFile\EnemyFile\FrogEnemy.h" />
    <ClInclude Include="ObjectFile\ClickEffectFile\ClickEffect.h" />
    <ClInclude Include="ObjectFile\ShapeZoneFile\HitCircleZone.h" />
    <ClInclude Include="ObjectFile\UIFile\UIGoal.h" />
    <ClInclude Include="ObjectFile\EnemyFile\EnemyArray.h" />
    <ClInclude Include="ObjectFile\EnemyFile\SplitEnemy.h" />
    <ClInclude Include="SceneFile\TitleScene.h" />
    <ClInclude Include="SceneFile\EndScene.h" />
    <ClInclude Include="ObjectFile\DeathEffect\DeathEffect.h" />
    <ClInclude Include="ObjectFile\PauseFile\PauseButtonFile\PauseButton.h" />
  </ItemGroup>
  <ItemGroup>
    <Filter Include="ソースファイル">
      <UniqueIdentifier>{247c2d88-877f-495d-af1d-16cabd0f2cef}</UniqueIdentifier>
    </Filter>
    <Filter Include="ソースファイル\EnemyFile">
      <UniqueIdentifier>{6ef2b660-8a9c-4ec0-b702-086428c7da20}</UniqueIdentifier>
    </Filter>
    <Filter Include="ソースファイル\FPSFile">
      <UniqueIdentifier>{8a6fa0ad-eca6-47f9-b164-8fe16d92f29f}</UniqueIdentifier>
    </Filter>
    <Filter Include="ソースファイル\MouseFile">
      <UniqueIdentifier>{c016ef0a-a7e2-426f-8f6e-ab834fb764e4}</UniqueIdentifier>
    </Filter>
    <Filter Include="ソースファイル\SceneFile">
      <UniqueIdentifier>{aee37eab-066b-4a8c-b7e3-93cd0df893b9}</UniqueIdentifier>
    </Filter>
    <Filter Include="ソースファイル\SkillFile">
      <UniqueIdentifier>{66b4d421-6cbe-4d31-acce-aa981fba0c08}</UniqueIdentifier>
    </Filter>
    <Filter Include="ソースファイル\CoinFile">
      <UniqueIdentifier>{503713ef-f440-468c-af3a-996b19db1512}</UniqueIdentifier>
    </Filter>
    <Filter Include="ヘッダーファイル">
      <UniqueIdentifier>{d1ce10c4-f9ce-449b-84c3-a885202452da}</UniqueIdentifier>
    </Filter>
    <Filter Include="ヘッダーファイル\BaseFile">
      <UniqueIdentifier>{8c7efb70-70cb-4e8f-8745-cb761c1923ad}</UniqueIdentifier>
    </Filter>
    <Filter Include="ヘッダーファイル\FPSFile">
      <UniqueIdentifier>{802045ef-974c-4229-a6e0-1929fa31c7e7}</UniqueIdentifier>
    </Filter>
    <Filter Include="ヘッダーファイル\MouseFile">
      <UniqueIdentifier>{42a83590-1891-46e0-b616-56abd67d6211}</UniqueIdentifier>
    </Filter>
    <Filter Include="ヘッダーファイル\SceneFile">
      <UniqueIdentifier>{93f84783-2d13-4282-8b81-42b775471c94}</UniqueIdentifier>
    </Filter>
    <Filter Include="ヘッダーファイル\SkillFile">
      <UniqueIdentifier>{0d6694a4-76d3-469b-bdb6-8942c856ad0d}</UniqueIdentifier>
    </Filter>
    <Filter Include="ヘッダーファイル\CoinFile">
      <UniqueIdentifier>{5aab1a94-af24-45e7-90e8-82fa4c865b9d}</UniqueIdentifier>
    </Filter>
    <Filter Include="ヘッダーファイル\EnemyFile">
      <UniqueIdentifier>{615202f4-d18f-4562-90ab-e5e85f90ac8b}</UniqueIdentifier>
    </Filter>
    <Filter Include="ソースファイル\BaseFile">
      <UniqueIdentifier>{62d4631e-b676-4025-b9a0-08c7f75a1531}</UniqueIdentifier>
    </Filter>
    <Filter Include="ソースファイル\UIFile">
      <UniqueIdentifier>{d933b2a7-0db1-41bf-a67a-745cce6a1b8f}</UniqueIdentifier>
    </Filter>
    <Filter Include="ヘッダーファイル\UIFile">
      <UniqueIdentifier>{b7b86ddf-a460-493f-a853-b1e701b956a1}</UniqueIdentifier>
    </Filter>
  </ItemGroup>
  <ItemGroup>
    <Text Include="Log.txt" />
  </ItemGroup>
</Project>