<?xml version="1.0" encoding="utf-8"?>
<Project ToolsVersion="4.0" xmlns="http://schemas.microsoft.com/developer/msbuild/2003">
  <ItemGroup>
    <Filter Include="ソース ファイル">
      <UniqueIdentifier>{4FC737F1-C7A5-4376-A066-2A32D752A2FF}</UniqueIdentifier>
      <Extensions>cpp;c;cc;cxx;c++;cppm;ixx;def;odl;idl;hpj;bat;asm;asmx</Extensions>
    </Filter>
    <Filter Include="ヘッダー ファイル">
      <UniqueIdentifier>{93995380-89BD-4b04-88EB-625FBE52EBFB}</UniqueIdentifier>
      <Extensions>h;hh;hpp;hxx;h++;hm;inl;inc;ipp;xsd</Extensions>
    </Filter>
    <Filter Include="リソース ファイル">
      <UniqueIdentifier>{67DA6AB6-F800-4c08-8B7A-83BB121AAD01}</UniqueIdentifier>
      <Extensions>rc;ico;cur;bmp;dlg;rc2;rct;bin;rgs;gif;jpg;jpeg;jpe;resx;tiff;tif;png;wav;mfcribbon-ms</Extensions>
    </Filter>
    <Filter Include="ヘッダー ファイル\SceneFile">
      <UniqueIdentifier>{3953ee9b-774b-4ae9-978c-510eb47d984a}</UniqueIdentifier>
    </Filter>
    <Filter Include="ヘッダー ファイル\BaseFile">
      <UniqueIdentifier>{baeb9374-fb94-41a8-bf2a-18864813da72}</UniqueIdentifier>
    </Filter>
    <Filter Include="ヘッダー ファイル\FPSFile">
      <UniqueIdentifier>{4bfad5b6-3575-4a4a-aa6e-8df996079041}</UniqueIdentifier>
    </Filter>
    <Filter Include="ソース ファイル\FPSFile">
      <UniqueIdentifier>{9efb6b3f-06ad-483d-9ef2-98075bcee2ec}</UniqueIdentifier>
    </Filter>
    <Filter Include="ソース ファイル\SceneFile">
      <UniqueIdentifier>{57f14d94-3ae2-404c-9bd2-05009a37d939}</UniqueIdentifier>
    </Filter>
    <Filter Include="ソース ファイル\EnemyFile">
      <UniqueIdentifier>{36b33a79-6e0d-446d-b42b-777f581b9590}</UniqueIdentifier>
    </Filter>
    <Filter Include="ソース ファイル\SkillFile">
      <UniqueIdentifier>{70af33d2-2a80-4e27-8c03-b33e3a2eca2c}</UniqueIdentifier>
    </Filter>
    <Filter Include="ヘッダー ファイル\SkillFile">
      <UniqueIdentifier>{bc9fddae-78f3-4b52-b0eb-0c5fbc621c9c}</UniqueIdentifier>
    </Filter>
    <Filter Include="ソース ファイル\MouseFile">
      <UniqueIdentifier>{30deca1c-03d2-4aa3-ad7a-7bd14599de71}</UniqueIdentifier>
    </Filter>
    <Filter Include="ヘッダー ファイル\MouseFile">
      <UniqueIdentifier>{e05bb598-9900-4c25-8b84-20a7a755f729}</UniqueIdentifier>
    </Filter>
    <Filter Include="Coin">
      <UniqueIdentifier>{35d68335-4da0-4e60-a292-71a3e5e75fb1}</UniqueIdentifier>
    </Filter>
    <Filter Include="ヘッダー ファイル\Coin">
      <UniqueIdentifier>{105acc85-9c1b-4e23-81ce-114ee79fbc74}</UniqueIdentifier>
    </Filter>
  </ItemGroup>
  <ItemGroup>
    <ClCompile Include="Main.cpp">
      <Filter>ソース ファイル</Filter>
    </ClCompile>
    <ClCompile Include="UtilityFile\FPS.cpp">
      <Filter>ソース ファイル\FPSFile</Filter>
    </ClCompile>
    <ClCompile Include="SceneFile\GameMainScene.cpp">
      <Filter>ソース ファイル\SceneFile</Filter>
    </ClCompile>
    <ClCompile Include="SceneFile\SceneManager.cpp">
      <Filter>ソース ファイル\SceneFile</Filter>
    </ClCompile>
    <ClCompile Include="ObjectFile\EnemyFile\EnemyBase.cpp">
      <Filter>ソース ファイル\EnemyFile</Filter>
    </ClCompile>
    <ClCompile Include="ObjectFile\EnemyFile\SquishEnemy.cpp">
      <Filter>ソース ファイル\EnemyFile</Filter>
    </ClCompile>
    <ClCompile Include="ObjectFile\SkillFile\AttackSkill.cpp">
      <Filter>ソース ファイル\SkillFile</Filter>
    </ClCompile>
    <ClCompile Include="ObjectFile\SkillFile\SlowDownSkill.cpp">
      <Filter>ソース ファイル\SkillFile</Filter>
    </ClCompile>
    <ClCompile Include="ObjectFile\PlayerFile\Cursor.cpp">
      <Filter>ソース ファイル\MouseFile</Filter>
    </ClCompile>
    <ClCompile Include="UtilityFile\MouseInput.cpp">
      <Filter>ソース ファイル</Filter>
    </ClCompile>
    <ClCompile Include="ObjectFile\ObjectBase.cpp">
      <Filter>ソース ファイル</Filter>
    </ClCompile>
    <ClCompile Include="ObjectFile\CoinFile\Coin.cpp">
      <Filter>Coin</Filter>
    </ClCompile>
  </ItemGroup>
  <ItemGroup>
    <ClInclude Include="SceneFile\AbstractScene.h">
      <Filter>ヘッダー ファイル\SceneFile</Filter>
    </ClInclude>
    <ClInclude Include="SceneFile\SceneManager.h">
      <Filter>ヘッダー ファイル\SceneFile</Filter>
    </ClInclude>
    <ClInclude Include="SceneFile\GameMainScene.h">
      <Filter>ヘッダー ファイル\SceneFile</Filter>
    </ClInclude>
    <ClInclude Include="ObjectFile\ObjectBase.h">
      <Filter>ヘッダー ファイル\BaseFile</Filter>
    </ClInclude>
    <ClInclude Include="UtilityFile\FPS.h">
      <Filter>ヘッダー ファイル\FPSFile</Filter>
    </ClInclude>
    <ClInclude Include="ObjectFile\EnemyFile\EnemyBase.h">
      <Filter>ヘッダー ファイル\BaseFile</Filter>
    </ClInclude>
    <ClInclude Include="ObjectFile\EnemyFile\SquishEnemy.h">
      <Filter>ヘッダー ファイル</Filter>
    </ClInclude>
    <ClInclude Include="ObjectFile\SkillFile\AttackSkill.h">
      <Filter>ヘッダー ファイル\SkillFile</Filter>
    </ClInclude>
    <ClInclude Include="ObjectFile\SkillFile\SlowDownSkill.h">
      <Filter>ヘッダー ファイル\SkillFile</Filter>
    </ClInclude>
    <ClInclude Include="ObjectFile\PlayerFile\Cursor.h">
      <Filter>ヘッダー ファイル\MouseFile</Filter>
    </ClInclude>
    <ClInclude Include="UtilityFile\MouseInput.h">
      <Filter>ヘッダー ファイル</Filter>
    </ClInclude>
    <ClInclude Include="UtilityFile\Define.h">
      <Filter>ヘッダー ファイル</Filter>
    </ClInclude>
    <ClInclude Include="ObjectFile\CoinFile\Coin.h">
      <Filter>ヘッダー ファイル\Coin</Filter>
    </ClInclude>
  </ItemGroup>
</Project>